
Microsoft Visual Studio Solution File, Format Version 12.00
# Visual Studio 14
VisualStudioVersion = 14.0.25420.1
MinimumVisualStudioVersion = 10.0.40219.1
Project("{2150E333-8FDC-42A3-9474-1A3956D46DE8}") = "src", "src", "{E5BA2953-5C20-4259-BB53-18EE27EEFB97}"
EndProject
Project("{2150E333-8FDC-42A3-9474-1A3956D46DE8}") = "Solution Items", "Solution Items", "{916A3DA9-BD1F-4ADC-8F5F-DE44E12488AC}"
	ProjectSection(SolutionItems) = preProject
		global.json = global.json
	EndProjectSection
EndProject
Project("{8BB2217D-0F2D-49D1-97BC-3654ED321F3B}") = "DotnetCoreApp", "src\DotnetCoreApp\DotnetCoreApp.xproj", "{CDE458DD-0FF9-436B-9F2B-F098C0CDE66D}"
EndProject
Global
	GlobalSection(SolutionConfigurationPlatforms) = preSolution
		Debug|Any CPU = Debug|Any CPU
		Release|Any CPU = Release|Any CPU
	EndGlobalSection
	GlobalSection(ProjectConfigurationPlatforms) = postSolution
		{CDE458DD-0FF9-436B-9F2B-F098C0CDE66D}.Debug|Any CPU.ActiveCfg = Debug|Any CPU
		{CDE458DD-0FF9-436B-9F2B-F098C0CDE66D}.Debug|Any CPU.Build.0 = Debug|Any CPU
		{CDE458DD-0FF9-436B-9F2B-F098C0CDE66D}.Release|Any CPU.ActiveCfg = Release|Any CPU
		{CDE458DD-0FF9-436B-9F2B-F098C0CDE66D}.Release|Any CPU.Build.0 = Release|Any CPU
	EndGlobalSection
	GlobalSection(SolutionProperties) = preSolution
		HideSolutionNode = FALSE
	EndGlobalSection
	GlobalSection(NestedProjects) = preSolution
		{CDE458DD-0FF9-436B-9F2B-F098C0CDE66D} = {E5BA2953-5C20-4259-BB53-18EE27EEFB97}
	EndGlobalSection
EndGlobal
